# This file is automatically @generated by Cargo.
# It is not intended for manual editing.
version = 4

[[package]]
name = "memchr"
version = "2.8.3"
source = "registry+https://github.com/rust-lang/crates.io-index"
checksum = "cf8baf1c55e62ffcace7a9f06f4bd9cd3f0c4beb022d3b367256b91b87513d98"

[[package]]
name = "nucleo-matcher"
version = "0.3.1"
source = "registry+https://github.com/rust-lang/crates.io-index"
checksum = "bf33f538733d1a5a3494b836ba913207f14d9d4a1d3cd67030c5061bdd2cac85"
dependencies = [
 "memchr",
 "unicode-segmentation",
]

[[package]]
name = "slterm"
version = "0.0.0"

[[package]]
name = "slterm-settings"
version = "0.0.0"

[[package]]
name = "slterm-split"
version = "0.0.0"

[[package]]
name = "slterm_completions"
version = "0.0.0"
dependencies = [
 "nucleo-matcher",
 "unicase",
 "unicode-segmentation",
]

[[package]]
name = "slterm_hook"
version = "0.0.0"

[[package]]
name = "slterm_terminal"
version = "0.0.0"

[[package]]
name = "unicase"
version = "2.10.0"
source = "registry+https://github.com/rust-lang/crates.io-index"
checksum = "357cc3acc6a036009fd6c973ed009037c732d60d0b4f6c673e9041497482a28f"

[[package]]
name = "unicode-segmentation"
version = "1.13.3"
source = "registry+https://github.com/rust-lang/crates.io-index"
checksum = "c6f5d3c3b1bf09027a88a6bc961fc00497d651009560b5463668dc81b0fa87a8"
