# This file is automatically @generated by Cargo.
# It is not intended for manual editing.
version = 4

[[package]]
name = "slterm"
version = "0.0.0"

[[package]]
name = "slterm-settings"
version = "0.0.0"

[[package]]
name = "slterm-split"
version = "0.0.0"

[[package]]
name = "slterm_completions"
version = "0.0.0"

[[package]]
name = "slterm_hook"
version = "0.0.0"

[[package]]
name = "slterm_terminal"
version = "0.0.0"
